{
  "version": "4",
  "specifiers": {
    "npm:prettier@*": "3.4.2",
    "npm:prettier@^3.4.2": "3.4.2"
  },
  "npm": {
    "prettier@3.4.2": {
      "integrity": "sha512-e9MewbtFo+Fevyuxn/4rrcDAaq0IYxPGLvObpQjiZBMAzB9IGmzlnG9RZy3FFas+eBMu2vA0CszMeduow5dIuQ=="
    }
  },
  "workspace": {
    "dependencies": [
      "npm:prettier@^3.4.2"
    ]
  }
}
